
Microsoft Visual Studio Solution File, Format Version 12.00
# Visual Studio Version 17
VisualStudioVersion = 17.10.34928.147
MinimumVisualStudioVersion = 10.0.40219.1
Project("{9A19103F-16F7-4668-BE54-9A1E7A4F7556}") = "trilha-net-azure-desafio", "trilha-net-azure-desafio.csproj", "{A1CC9300-882E-44C5-9DA5-7D76CD37F9E0}"
EndProject
Global
	GlobalSection(SolutionConfigurationPlatforms) = preSolution
		Debug|Any CPU = Debug|Any CPU
		Release|Any CPU = Release|Any CPU
	EndGlobalSection
	GlobalSection(ProjectConfigurationPlatforms) = postSolution
		{A1CC9300-882E-44C5-9DA5-7D76CD37F9E0}.Debug|Any CPU.ActiveCfg = Debug|Any CPU
		{A1CC9300-882E-44C5-9DA5-7D76CD37F9E0}.Debug|Any CPU.Build.0 = Debug|Any CPU
		{A1CC9300-882E-44C5-9DA5-7D76CD37F9E0}.Release|Any CPU.ActiveCfg = Release|Any CPU
		{A1CC9300-882E-44C5-9DA5-7D76CD37F9E0}.Release|Any CPU.Build.0 = Release|Any CPU
	EndGlobalSection
	GlobalSection(SolutionProperties) = preSolution
		HideSolutionNode = FALSE
	EndGlobalSection
	GlobalSection(ExtensibilityGlobals) = postSolution
		SolutionGuid = {DEED7F08-0B93-44DF-B8C9-C0CEA9DA5D35}
	EndGlobalSection
EndGlobal
